
Microsoft Visual Studio Solution File, Format Version 12.00
# Visual Studio Version 17
VisualStudioVersion = 17.3.32901.215
MinimumVisualStudioVersion = 10.0.40219.1
Project("{FAE04EC0-301F-11D3-BF4B-00C04F79EFBC}") = "UrMoneyMine", "UrMoneyMine\UrMoneyMine.csproj", "{B8743559-3726-469B-BD4C-C6512452922F}"
EndProject
Global
	GlobalSection(SolutionConfigurationPlatforms) = preSolution
		Debug|Any CPU = Debug|Any CPU
		Release|Any CPU = Release|Any CPU
	EndGlobalSection
	GlobalSection(ProjectConfigurationPlatforms) = postSolution
		{B8743559-3726-469B-BD4C-C6512452922F}.Debug|Any CPU.ActiveCfg = Debug|Any CPU
		{B8743559-3726-469B-BD4C-C6512452922F}.Debug|Any CPU.Build.0 = Debug|Any CPU
		{B8743559-3726-469B-BD4C-C6512452922F}.Release|Any CPU.ActiveCfg = Release|Any CPU
		{B8743559-3726-469B-BD4C-C6512452922F}.Release|Any CPU.Build.0 = Release|Any CPU
	EndGlobalSection
	GlobalSection(SolutionProperties) = preSolution
		HideSolutionNode = FALSE
	EndGlobalSection
	GlobalSection(ExtensibilityGlobals) = postSolution
		SolutionGuid = {10E0B092-4312-4CB2-9CC7-095A985B6665}
	EndGlobalSection
EndGlobal
